# This file is automatically @generated by Wally.
# It is not intended for manual editing.
registry = "test"

[[package]]
name = "evaera/promise"
version = "4.0.0"
dependencies = []

[[package]]
name = "matter-ecs/matter"
version = "0.8.3"
dependencies = []

[[package]]
name = "reselim/base64"
version = "3.0.0"
dependencies = []

[[package]]
name = "roblox/roact"
version = "1.4.4"
dependencies = []

[[package]]
name = "sleitnick/signal"
version = "2.0.1"
dependencies = []

[[package]]
name = "sleitnick/trove"
version = "1.4.0"
dependencies = []

[[package]]
name = "whitekali/cityx"
version = "0.1.0"
dependencies = [["Roact", "roblox/roact@1.4.4"], ["base64", "reselim/base64@3.0.0"], ["matter", "matter-ecs/matter@0.8.3"], ["promise", "evaera/promise@4.0.0"], ["signal", "sleitnick/signal@2.0.1"], ["trove", "sleitnick/trove@1.4.0"]]
